
Microsoft Visual Studio Solution File, Format Version 12.00
# Visual Studio Version 17
VisualStudioVersion = 17.0.31717.71
MinimumVisualStudioVersion = 10.0.40219.1
Project("{9A19103F-16F7-4668-BE54-9A1E7A4F7556}") = "UI", "UI/UI.csproj", "{B8DF8D84-04DE-43AD-AE85-212B868FF5B3}"
EndProject
Project("{FAE04EC0-301F-11D3-BF4B-00C04F79EFBC}") = "PaymentService", "PaymentService\PaymentService.csproj", "{B2ACA242-072C-4F44-966A-97F979D13736}"
EndProject
Project("{FAE04EC0-301F-11D3-BF4B-00C04F79EFBC}") = "StockService", "StockService\StockService.csproj", "{CD6AE862-D891-4B67-930B-B37BD7DF629E}"
EndProject
Project("{FAE04EC0-301F-11D3-BF4B-00C04F79EFBC}") = "Common", "Common\Common.csproj", "{C3D5EFF2-BD14-4B05-BBBB-43A71F5F8447}"
EndProject
Global
	GlobalSection(SolutionConfigurationPlatforms) = preSolution
		Debug|Any CPU = Debug|Any CPU
		Release|Any CPU = Release|Any CPU
	EndGlobalSection
	GlobalSection(ProjectConfigurationPlatforms) = postSolution
		{B8DF8D84-04DE-43AD-AE85-212B868FF5B3}.Debug|Any CPU.ActiveCfg = Debug|Any CPU
		{B8DF8D84-04DE-43AD-AE85-212B868FF5B3}.Debug|Any CPU.Build.0 = Debug|Any CPU
		{B8DF8D84-04DE-43AD-AE85-212B868FF5B3}.Release|Any CPU.ActiveCfg = Release|Any CPU
		{B8DF8D84-04DE-43AD-AE85-212B868FF5B3}.Release|Any CPU.Build.0 = Release|Any CPU
		{B2ACA242-072C-4F44-966A-97F979D13736}.Debug|Any CPU.ActiveCfg = Debug|Any CPU
		{B2ACA242-072C-4F44-966A-97F979D13736}.Debug|Any CPU.Build.0 = Debug|Any CPU
		{B2ACA242-072C-4F44-966A-97F979D13736}.Release|Any CPU.ActiveCfg = Release|Any CPU
		{B2ACA242-072C-4F44-966A-97F979D13736}.Release|Any CPU.Build.0 = Release|Any CPU
		{CD6AE862-D891-4B67-930B-B37BD7DF629E}.Debug|Any CPU.ActiveCfg = Debug|Any CPU
		{CD6AE862-D891-4B67-930B-B37BD7DF629E}.Debug|Any CPU.Build.0 = Debug|Any CPU
		{CD6AE862-D891-4B67-930B-B37BD7DF629E}.Release|Any CPU.ActiveCfg = Release|Any CPU
		{CD6AE862-D891-4B67-930B-B37BD7DF629E}.Release|Any CPU.Build.0 = Release|Any CPU
		{C3D5EFF2-BD14-4B05-BBBB-43A71F5F8447}.Debug|Any CPU.ActiveCfg = Debug|Any CPU
		{C3D5EFF2-BD14-4B05-BBBB-43A71F5F8447}.Debug|Any CPU.Build.0 = Debug|Any CPU
		{C3D5EFF2-BD14-4B05-BBBB-43A71F5F8447}.Release|Any CPU.ActiveCfg = Release|Any CPU
		{C3D5EFF2-BD14-4B05-BBBB-43A71F5F8447}.Release|Any CPU.Build.0 = Release|Any CPU
	EndGlobalSection
	GlobalSection(SolutionProperties) = preSolution
		HideSolutionNode = FALSE
	EndGlobalSection
	GlobalSection(ExtensibilityGlobals) = postSolution
		SolutionGuid = {61C59B99-9F48-42AA-A28F-C66B9FF0E5E5}
	EndGlobalSection
EndGlobal
