
Microsoft Visual Studio Solution File, Format Version 12.00
# Visual Studio Version 16
VisualStudioVersion = 16.0.31129.286
MinimumVisualStudioVersion = 10.0.40219.1
Project("{9A19103F-16F7-4668-BE54-9A1E7A4F7556}") = "prometheus-net", "prometheus-net.csproj", "{4CC2D86C-B772-4BE7-A2DB-78F65CC49B5D}"
EndProject
Global
	GlobalSection(SolutionConfigurationPlatforms) = preSolution
		Debug|Any CPU = Debug|Any CPU
		Release|Any CPU = Release|Any CPU
	EndGlobalSection
	GlobalSection(ProjectConfigurationPlatforms) = postSolution
		{4CC2D86C-B772-4BE7-A2DB-78F65CC49B5D}.Debug|Any CPU.ActiveCfg = Debug|Any CPU
		{4CC2D86C-B772-4BE7-A2DB-78F65CC49B5D}.Debug|Any CPU.Build.0 = Debug|Any CPU
		{4CC2D86C-B772-4BE7-A2DB-78F65CC49B5D}.Release|Any CPU.ActiveCfg = Release|Any CPU
		{4CC2D86C-B772-4BE7-A2DB-78F65CC49B5D}.Release|Any CPU.Build.0 = Release|Any CPU
	EndGlobalSection
	GlobalSection(SolutionProperties) = preSolution
		HideSolutionNode = FALSE
	EndGlobalSection
	GlobalSection(ExtensibilityGlobals) = postSolution
		SolutionGuid = {A25F49DE-1661-407C-A17B-6019811A7038}
	EndGlobalSection
EndGlobal
